
Microsoft Visual Studio Solution File, Format Version 12.00
# Visual Studio Version 17
VisualStudioVersion = 17.0.31903.59
MinimumVisualStudioVersion = 10.0.40219.1
Project("{2150E333-8FDC-42A3-9474-1A3956D46DE8}") = "src", "src", "{1F5F31EF-A2ED-4D62-8A6D-AAF212179C2B}"
EndProject
Project("{FAE04EC0-301F-11D3-BF4B-00C04F79EFBC}") = "crm", "src\crm\crm.csproj", "{3F8BD4A5-69C9-4D24-8F69-21B48B5B90DE}"
EndProject
Global
	GlobalSection(SolutionConfigurationPlatforms) = preSolution
		Debug|Any CPU = Debug|Any CPU
		Release|Any CPU = Release|Any CPU
	EndGlobalSection
	GlobalSection(SolutionProperties) = preSolution
		HideSolutionNode = FALSE
	EndGlobalSection
	GlobalSection(ProjectConfigurationPlatforms) = postSolution
		{3F8BD4A5-69C9-4D24-8F69-21B48B5B90DE}.Debug|Any CPU.ActiveCfg = Debug|Any CPU
		{3F8BD4A5-69C9-4D24-8F69-21B48B5B90DE}.Debug|Any CPU.Build.0 = Debug|Any CPU
		{3F8BD4A5-69C9-4D24-8F69-21B48B5B90DE}.Release|Any CPU.ActiveCfg = Release|Any CPU
		{3F8BD4A5-69C9-4D24-8F69-21B48B5B90DE}.Release|Any CPU.Build.0 = Release|Any CPU
	EndGlobalSection
	GlobalSection(NestedProjects) = preSolution
		{3F8BD4A5-69C9-4D24-8F69-21B48B5B90DE} = {1F5F31EF-A2ED-4D62-8A6D-AAF212179C2B}
	EndGlobalSection
EndGlobal
